
Microsoft Visual Studio Solution File, Format Version 12.00
# Visual Studio Version 17
VisualStudioVersion = 17.0.32126.317
MinimumVisualStudioVersion = 10.0.40219.1
Project("{FAE04EC0-301F-11D3-BF4B-00C04F79EFBC}") = "srcServerXuSoMuonThu", "srcServerXuSoMuonThu\srcServerXuSoMuonThu.csproj", "{E3C5859D-F2AE-4F84-9295-7DD8C87C828D}"
EndProject
Project("{FAE04EC0-301F-11D3-BF4B-00C04F79EFBC}") = "PublicGameClass", "PublicGameClass\PublicGameClass.csproj", "{2EC4C259-EC8B-4DBA-9623-B9C1A0B2A5EE}"
EndProject
Global
	GlobalSection(SolutionConfigurationPlatforms) = preSolution
		Debug|Any CPU = Debug|Any CPU
		Release|Any CPU = Release|Any CPU
	EndGlobalSection
	GlobalSection(ProjectConfigurationPlatforms) = postSolution
		{E3C5859D-F2AE-4F84-9295-7DD8C87C828D}.Debug|Any CPU.ActiveCfg = Debug|Any CPU
		{E3C5859D-F2AE-4F84-9295-7DD8C87C828D}.Debug|Any CPU.Build.0 = Debug|Any CPU
		{E3C5859D-F2AE-4F84-9295-7DD8C87C828D}.Release|Any CPU.ActiveCfg = Release|Any CPU
		{E3C5859D-F2AE-4F84-9295-7DD8C87C828D}.Release|Any CPU.Build.0 = Release|Any CPU
		{2EC4C259-EC8B-4DBA-9623-B9C1A0B2A5EE}.Debug|Any CPU.ActiveCfg = Debug|Any CPU
		{2EC4C259-EC8B-4DBA-9623-B9C1A0B2A5EE}.Debug|Any CPU.Build.0 = Debug|Any CPU
		{2EC4C259-EC8B-4DBA-9623-B9C1A0B2A5EE}.Release|Any CPU.ActiveCfg = Release|Any CPU
		{2EC4C259-EC8B-4DBA-9623-B9C1A0B2A5EE}.Release|Any CPU.Build.0 = Release|Any CPU
	EndGlobalSection
	GlobalSection(SolutionProperties) = preSolution
		HideSolutionNode = FALSE
	EndGlobalSection
	GlobalSection(ExtensibilityGlobals) = postSolution
		SolutionGuid = {32E80CF0-611C-4F7A-978A-57C06892BE2C}
	EndGlobalSection
EndGlobal
